
Microsoft Visual Studio Solution File, Format Version 12.00
# Visual Studio Version 17
VisualStudioVersion = 17.4.33213.308
MinimumVisualStudioVersion = 10.0.40219.1
Project("{FAE04EC0-301F-11D3-BF4B-00C04F79EFBC}") = "rent", "rent\rent.csproj", "{0C04DB85-E24E-4795-814C-0E77A7FD36F2}"
EndProject
Global
	GlobalSection(SolutionConfigurationPlatforms) = preSolution
		Debug|Any CPU = Debug|Any CPU
		Release|Any CPU = Release|Any CPU
	EndGlobalSection
	GlobalSection(ProjectConfigurationPlatforms) = postSolution
		{0C04DB85-E24E-4795-814C-0E77A7FD36F2}.Debug|Any CPU.ActiveCfg = Debug|Any CPU
		{0C04DB85-E24E-4795-814C-0E77A7FD36F2}.Debug|Any CPU.Build.0 = Debug|Any CPU
		{0C04DB85-E24E-4795-814C-0E77A7FD36F2}.Release|Any CPU.ActiveCfg = Release|Any CPU
		{0C04DB85-E24E-4795-814C-0E77A7FD36F2}.Release|Any CPU.Build.0 = Release|Any CPU
	EndGlobalSection
	GlobalSection(SolutionProperties) = preSolution
		HideSolutionNode = FALSE
	EndGlobalSection
	GlobalSection(ExtensibilityGlobals) = postSolution
		SolutionGuid = {992B3988-EA64-4858-9C29-8263AF1FCC70}
	EndGlobalSection
EndGlobal
